{
    "name": "backend_examples",
    "lockfileVersion": 3,
    "requires": true,
    "packages": {
        "": {
            "dependencies": {
                "@aptos-labs/ts-sdk": "^7.2.0",
                "@shinami/clients": "file:~/Desktop/shinami-clients-0.12.0.tgz"
            },
            "devDependencies": {
                "@types/node": "^26.1.0",
                "typescript": "^5.9.2"
            }
        },
        "node_modules/@aptos-labs/aptos-cli": {
            "version": "3.0.0",
            "resolved": "https://registry.npmjs.org/@aptos-labs/aptos-cli/-/aptos-cli-3.0.0.tgz",
            "integrity": "sha512-fw9Ph6pe9l/RW6LMqjpxrHiWo2T/gtYWZsRxgl4PqVroavGF13YEQWlUnjJfWgVi1wQHpQcoJ1eYbYsPFu2sVg==",
            "cpu": [
                "x64",
                "arm64"
            ],
            "license": "Apache-2.0",
            "os": [
                "darwin",
                "linux",
                "win32"
            ],
            "dependencies": {
                "commander": "^14.0.3"
            },
            "bin": {
                "aptos": "dist/aptos.js"
            },
            "engines": {
                "node": ">=22"
            }
        },
        "node_modules/@aptos-labs/aptos-client": {
            "version": "4.1.0",
            "resolved": "https://registry.npmjs.org/@aptos-labs/aptos-client/-/aptos-client-4.1.0.tgz",
            "integrity": "sha512-QNr8OV3b6oZB+5LSh86wee9RbK+FAYCKh0wvu3epSf5JJnHezszpnAgtr3DJGBG6t00MJHaiu6VUbmujrl97iQ==",
            "license": "Apache-2.0",
            "dependencies": {
                "got": "^15.0.5"
            },
            "engines": {
                "node": ">=22.0.0"
            }
        },
        "node_modules/@aptos-labs/ts-sdk": {
            "version": "7.2.0",
            "resolved": "https://registry.npmjs.org/@aptos-labs/ts-sdk/-/ts-sdk-7.2.0.tgz",
            "integrity": "sha512-XlMyyUCuMnpjvVsxN3CiShWAeHw2spTV+j4xqE1os3FXr2b9ufxiEnXGJVug3eZfAEGWhreIFuqj6i+fzC1dQA==",
            "license": "SEE LICENSE IN LICENSE",
            "dependencies": {
                "@aptos-labs/aptos-cli": "^3.0.0",
                "@aptos-labs/aptos-client": "^4.1.0",
                "@noble/ciphers": "2.2.0",
                "@noble/curves": "2.2.0",
                "@noble/hashes": "2.2.0",
                "@scure/bip32": "^2.0.1",
                "@scure/bip39": "^2.0.1",
                "eventemitter3": "^5.0.4",
                "jwt-decode": "^4.0.0",
                "poseidon-lite": "^0.3.0"
            },
            "engines": {
                "node": ">=22.0.0"
            }
        },
        "node_modules/@keyv/serialize": {
            "version": "1.1.1",
            "resolved": "https://registry.npmjs.org/@keyv/serialize/-/serialize-1.1.1.tgz",
            "integrity": "sha512-dXn3FZhPv0US+7dtJsIi2R+c7qWYiReoEh5zUntWCf4oSpMNib8FDhSoed6m3QyZdx5hK7iLFkYk3rNxwt8vTA==",
            "license": "MIT"
        },
        "node_modules/@noble/ciphers": {
            "version": "2.2.0",
            "resolved": "https://registry.npmjs.org/@noble/ciphers/-/ciphers-2.2.0.tgz",
            "integrity": "sha512-Z6pjIZ/8IJcCGzb2S/0Px5J81yij85xASuk1teLNeg75bfT07MV3a/O2Mtn1I2se43k3lkVEcFaR10N4cgQcZA==",
            "license": "MIT",
            "engines": {
                "node": ">= 20.19.0"
            },
            "funding": {
                "url": "https://paulmillr.com/funding/"
            }
        },
        "node_modules/@noble/curves": {
            "version": "2.2.0",
            "resolved": "https://registry.npmjs.org/@noble/curves/-/curves-2.2.0.tgz",
            "integrity": "sha512-T/BoHgFXirb0ENSPBquzX0rcjXeM6Lo892a2jlYJkqk83LqZx0l1Of7DzlKJ6jkpvMrkHSnAcgb5JegL8SeIkQ==",
            "license": "MIT",
            "dependencies": {
                "@noble/hashes": "2.2.0"
            },
            "engines": {
                "node": ">= 20.19.0"
            },
            "funding": {
                "url": "https://paulmillr.com/funding/"
            }
        },
        "node_modules/@noble/hashes": {
            "version": "2.2.0",
            "resolved": "https://registry.npmjs.org/@noble/hashes/-/hashes-2.2.0.tgz",
            "integrity": "sha512-IYqDGiTXab6FniAgnSdZwgWbomxpy9FtYvLKs7wCUs2a8RkITG+DFGO1DM9cr+E3/RgADRpFjrKVaJ1z6sjtEg==",
            "license": "MIT",
            "engines": {
                "node": ">= 20.19.0"
            },
            "funding": {
                "url": "https://paulmillr.com/funding/"
            }
        },
        "node_modules/@open-rpc/client-js": {
            "version": "2.0.0",
            "resolved": "https://registry.npmjs.org/@open-rpc/client-js/-/client-js-2.0.0.tgz",
            "integrity": "sha512-knfuwdPPVJlmNIgvjvrgbwaU+eF0pVCb6V7/c9OH/UYW1jAPE2wrKL3FOa3qpXlVpAF516syYrO9h0s402zXyA==",
            "license": "Apache-2.0",
            "dependencies": {
                "isomorphic-ws": "5.0.0",
                "strict-event-emitter-types": "2.0.0",
                "ws": "8.18.3"
            }
        },
        "node_modules/@scure/base": {
            "version": "2.2.0",
            "resolved": "https://registry.npmjs.org/@scure/base/-/base-2.2.0.tgz",
            "integrity": "sha512-b8XEupJibegiXV+tDUseI8oLQc8ei3d/4Jkb2RpbHh3MfE054ov3uIz2dhFkB3FI8iwYkEh0gGCApkrYggkPNg==",
            "license": "MIT",
            "funding": {
                "url": "https://paulmillr.com/funding/"
            }
        },
        "node_modules/@scure/bip32": {
            "version": "2.2.0",
            "resolved": "https://registry.npmjs.org/@scure/bip32/-/bip32-2.2.0.tgz",
            "integrity": "sha512-zFr7t2F+a9+5tB7QbarF2HQNYrgjCNaoLAupZdKkrFMYMozJf5zqH2WJCQibMzm1qQ0QogrxVGO3qXfQDYMaQg==",
            "license": "MIT",
            "dependencies": {
                "@noble/curves": "2.2.0",
                "@noble/hashes": "2.2.0",
                "@scure/base": "2.2.0"
            },
            "funding": {
                "url": "https://paulmillr.com/funding/"
            }
        },
        "node_modules/@scure/bip39": {
            "version": "2.2.0",
            "resolved": "https://registry.npmjs.org/@scure/bip39/-/bip39-2.2.0.tgz",
            "integrity": "sha512-T/Bj/YvYMNkIPq6EENO6/rcs2e7qTNuyoUXf0KBFDmp0ZDu0H2X4Lq6yC3i0c8PcWkov5EbW+yQZZbdMmk154A==",
            "license": "MIT",
            "dependencies": {
                "@noble/hashes": "2.2.0",
                "@scure/base": "2.2.0"
            },
            "funding": {
                "url": "https://paulmillr.com/funding/"
            }
        },
        "node_modules/@sec-ant/readable-stream": {
            "version": "0.4.1",
            "resolved": "https://registry.npmjs.org/@sec-ant/readable-stream/-/readable-stream-0.4.1.tgz",
            "integrity": "sha512-831qok9r2t8AlxLko40y2ebgSDhenenCatLVeW/uBtnHPyhHOvG0C7TvfgecV+wHzIm5KUICgzmVpWS+IMEAeg==",
            "license": "MIT"
        },
        "node_modules/@shinami/clients": {
            "version": "0.12.0",
            "resolved": "file:../../../../../Desktop/shinami-clients-0.12.0.tgz",
            "integrity": "sha512-fbLkFbIzhLkkZcohiaZQqHcfki4G04Y6nSCrSHduLLT9ZXEXqadqPOoDDUDkKYG9AMqPlALMjnHCWEL2hcFP+w==",
            "license": "Apache-2.0",
            "dependencies": {
                "@open-rpc/client-js": "^2.0.0",
                "superstruct": "^2.0.2"
            },
            "engines": {
                "node": ">=22"
            },
            "peerDependencies": {
                "@aptos-labs/ts-sdk": ">=1.13.3",
                "@mysten/sui": ">=2.0.0"
            },
            "peerDependenciesMeta": {
                "@aptos-labs/ts-sdk": {
                    "optional": true
                },
                "@mysten/sui": {
                    "optional": true
                }
            }
        },
        "node_modules/@sindresorhus/is": {
            "version": "8.1.0",
            "resolved": "https://registry.npmjs.org/@sindresorhus/is/-/is-8.1.0.tgz",
            "integrity": "sha512-2SX/1jW6CIMAiebvVv5ZInoCEuWQmMyBoJXXGC6Vjakjp/fpxP5eHs7/V6WKuPEIbuK06+VpjH+vjLQhr98rDQ==",
            "license": "MIT",
            "engines": {
                "node": ">=22"
            },
            "funding": {
                "url": "https://github.com/sindresorhus/is?sponsor=1"
            }
        },
        "node_modules/@types/http-cache-semantics": {
            "version": "4.2.0",
            "resolved": "https://registry.npmjs.org/@types/http-cache-semantics/-/http-cache-semantics-4.2.0.tgz",
            "integrity": "sha512-L3LgimLHXtGkWikKnsPg0/VFx9OGZaC+eN1u4r+OB1XRqH3meBIAVC2zr1WdMH+RHmnRkqliQAOHNJ/E0j/e0Q==",
            "license": "MIT"
        },
        "node_modules/@types/node": {
            "version": "26.1.1",
            "resolved": "https://registry.npmjs.org/@types/node/-/node-26.1.1.tgz",
            "integrity": "sha512-nxAkRSVkN1Y0JC1W8ky/fTfkGsMmcrRsbx+3XoZE+rMOX71kLYTV7fLXpqud1GpbpP5TuffXFqfX7fH2GgZREw==",
            "dev": true,
            "license": "MIT",
            "dependencies": {
                "undici-types": "~8.3.0"
            }
        },
        "node_modules/byte-counter": {
            "version": "0.1.0",
            "resolved": "https://registry.npmjs.org/byte-counter/-/byte-counter-0.1.0.tgz",
            "integrity": "sha512-jheRLVMeUKrDBjVw2O5+k4EvR4t9wtxHL+bo/LxfkxsVeuGMy3a5SEGgXdAFA4FSzTrU8rQXQIrsZ3oBq5a0pQ==",
            "license": "MIT",
            "engines": {
                "node": ">=20"
            },
            "funding": {
                "url": "https://github.com/sponsors/sindresorhus"
            }
        },
        "node_modules/cacheable-lookup": {
            "version": "7.0.0",
            "resolved": "https://registry.npmjs.org/cacheable-lookup/-/cacheable-lookup-7.0.0.tgz",
            "integrity": "sha512-+qJyx4xiKra8mZrcwhjMRMUhD5NR1R8esPkzIYxX96JiecFoxAXFuz/GpR3+ev4PE1WamHip78wV0vcmPQtp8w==",
            "license": "MIT",
            "engines": {
                "node": ">=14.16"
            }
        },
        "node_modules/cacheable-request": {
            "version": "13.0.19",
            "resolved": "https://registry.npmjs.org/cacheable-request/-/cacheable-request-13.0.19.tgz",
            "integrity": "sha512-SVXGH037+Mo1aIMO5B2UcleR43FGjFdN+M8JObSyEoQ2Mn4CODRWx28gN5jiTF0n5ItsgtIZfyargMNs8GX4kg==",
            "license": "MIT",
            "dependencies": {
                "@types/http-cache-semantics": "^4.2.0",
                "get-stream": "^9.0.1",
                "http-cache-semantics": "^4.2.0",
                "keyv": "^5.6.0",
                "mimic-response": "^4.0.0",
                "normalize-url": "^8.1.1",
                "responselike": "^4.0.2"
            },
            "engines": {
                "node": ">=18"
            }
        },
        "node_modules/chunk-data": {
            "version": "0.1.0",
            "resolved": "https://registry.npmjs.org/chunk-data/-/chunk-data-0.1.0.tgz",
            "integrity": "sha512-zFyPtyC0SZ6Zu79b9sOYtXZcgrsXe0RpePrzRyj52hYVFG1+Rk6rBqjjOEk+GNQwc3PIX+86teQMok970pod1g==",
            "license": "MIT",
            "engines": {
                "node": ">=20"
            },
            "funding": {
                "url": "https://github.com/sponsors/sindresorhus"
            }
        },
        "node_modules/commander": {
            "version": "14.0.3",
            "resolved": "https://registry.npmjs.org/commander/-/commander-14.0.3.tgz",
            "integrity": "sha512-H+y0Jo/T1RZ9qPP4Eh1pkcQcLRglraJaSLoyOtHxu6AapkjWVCy2Sit1QQ4x3Dng8qDlSsZEet7g5Pq06MvTgw==",
            "license": "MIT",
            "engines": {
                "node": ">=20"
            }
        },
        "node_modules/decompress-response": {
            "version": "10.0.0",
            "resolved": "https://registry.npmjs.org/decompress-response/-/decompress-response-10.0.0.tgz",
            "integrity": "sha512-oj7KWToJuuxlPr7VV0vabvxEIiqNMo+q0NueIiL3XhtwC6FVOX7Hr1c0C4eD0bmf7Zr+S/dSf2xvkH3Ad6sU3Q==",
            "license": "MIT",
            "dependencies": {
                "mimic-response": "^4.0.0"
            },
            "engines": {
                "node": ">=20"
            },
            "funding": {
                "url": "https://github.com/sponsors/sindresorhus"
            }
        },
        "node_modules/eventemitter3": {
            "version": "5.0.4",
            "resolved": "https://registry.npmjs.org/eventemitter3/-/eventemitter3-5.0.4.tgz",
            "integrity": "sha512-mlsTRyGaPBjPedk6Bvw+aqbsXDtoAyAzm5MO7JgU+yVRyMQ5O8bD4Kcci7BS85f93veegeCPkL8R4GLClnjLFw==",
            "license": "MIT"
        },
        "node_modules/get-stream": {
            "version": "9.0.1",
            "resolved": "https://registry.npmjs.org/get-stream/-/get-stream-9.0.1.tgz",
            "integrity": "sha512-kVCxPF3vQM/N0B1PmoqVUqgHP+EeVjmZSQn+1oCRPxd2P21P2F19lIgbR3HBosbB1PUhOAoctJnfEn2GbN2eZA==",
            "license": "MIT",
            "dependencies": {
                "@sec-ant/readable-stream": "^0.4.1",
                "is-stream": "^4.0.1"
            },
            "engines": {
                "node": ">=18"
            },
            "funding": {
                "url": "https://github.com/sponsors/sindresorhus"
            }
        },
        "node_modules/got": {
            "version": "15.1.0",
            "resolved": "https://registry.npmjs.org/got/-/got-15.1.0.tgz",
            "integrity": "sha512-DG+DAAkRtno+oDr/GBsliAkhN9+zczOPM5qXk3efDZY3qvyRnZU+NwQlb/IOY6cSnxxTR9z3aHCcShJyjb0hJA==",
            "license": "MIT",
            "dependencies": {
                "@sindresorhus/is": "^8.0.0",
                "byte-counter": "^0.1.0",
                "cacheable-lookup": "^7.0.0",
                "cacheable-request": "^13.0.18",
                "chunk-data": "^0.1.0",
                "decompress-response": "^10.0.0",
                "http2-wrapper": "^2.2.1",
                "keyv": "^5.6.0",
                "lowercase-keys": "^4.0.1",
                "responselike": "^4.0.2",
                "type-fest": "^5.6.0",
                "uint8array-extras": "^1.5.0"
            },
            "engines": {
                "node": ">=22"
            },
            "funding": {
                "url": "https://github.com/sindresorhus/got?sponsor=1"
            }
        },
        "node_modules/http-cache-semantics": {
            "version": "4.2.0",
            "resolved": "https://registry.npmjs.org/http-cache-semantics/-/http-cache-semantics-4.2.0.tgz",
            "integrity": "sha512-dTxcvPXqPvXBQpq5dUr6mEMJX4oIEFv6bwom3FDwKRDsuIjjJGANqhBuoAn9c1RQJIdAKav33ED65E2ys+87QQ==",
            "license": "BSD-2-Clause"
        },
        "node_modules/http2-wrapper": {
            "version": "2.2.1",
            "resolved": "https://registry.npmjs.org/http2-wrapper/-/http2-wrapper-2.2.1.tgz",
            "integrity": "sha512-V5nVw1PAOgfI3Lmeaj2Exmeg7fenjhRUgz1lPSezy1CuhPYbgQtbQj4jZfEAEMlaL+vupsvhjqCyjzob0yxsmQ==",
            "license": "MIT",
            "dependencies": {
                "quick-lru": "^5.1.1",
                "resolve-alpn": "^1.2.0"
            },
            "engines": {
                "node": ">=10.19.0"
            }
        },
        "node_modules/is-stream": {
            "version": "4.0.1",
            "resolved": "https://registry.npmjs.org/is-stream/-/is-stream-4.0.1.tgz",
            "integrity": "sha512-Dnz92NInDqYckGEUJv689RbRiTSEHCQ7wOVeALbkOz999YpqT46yMRIGtSNl2iCL1waAZSx40+h59NV/EwzV/A==",
            "license": "MIT",
            "engines": {
                "node": ">=18"
            },
            "funding": {
                "url": "https://github.com/sponsors/sindresorhus"
            }
        },
        "node_modules/isomorphic-ws": {
            "version": "5.0.0",
            "resolved": "https://registry.npmjs.org/isomorphic-ws/-/isomorphic-ws-5.0.0.tgz",
            "integrity": "sha512-muId7Zzn9ywDsyXgTIafTry2sV3nySZeUDe6YedVd1Hvuuep5AsIlqK+XefWpYTyJG5e503F2xIuT2lcU6rCSw==",
            "license": "MIT",
            "peerDependencies": {
                "ws": "*"
            }
        },
        "node_modules/jwt-decode": {
            "version": "4.0.0",
            "resolved": "https://registry.npmjs.org/jwt-decode/-/jwt-decode-4.0.0.tgz",
            "integrity": "sha512-+KJGIyHgkGuIq3IEBNftfhW/LfWhXUIY6OmyVWjliu5KH1y0fw7VQ8YndE2O4qZdMSd9SqbnC8GOcZEy0Om7sA==",
            "license": "MIT",
            "engines": {
                "node": ">=18"
            }
        },
        "node_modules/keyv": {
            "version": "5.6.0",
            "resolved": "https://registry.npmjs.org/keyv/-/keyv-5.6.0.tgz",
            "integrity": "sha512-CYDD3SOtsHtyXeEORYRx2qBtpDJFjRTGXUtmNEMGyzYOKj1TE3tycdlho7kA1Ufx9OYWZzg52QFBGALTirzDSw==",
            "license": "MIT",
            "dependencies": {
                "@keyv/serialize": "^1.1.1"
            }
        },
        "node_modules/lowercase-keys": {
            "version": "4.0.1",
            "resolved": "https://registry.npmjs.org/lowercase-keys/-/lowercase-keys-4.0.1.tgz",
            "integrity": "sha512-wI9Nui/L8VfADa/cr/7NQruaASk1k23/Uh1khQ02BCVYiiy8F4AhOGnQzJy3Fl/c44GnYSbZHv8g7EcG3kJ1Qg==",
            "license": "MIT",
            "engines": {
                "node": ">=20"
            },
            "funding": {
                "url": "https://github.com/sponsors/sindresorhus"
            }
        },
        "node_modules/mimic-response": {
            "version": "4.0.0",
            "resolved": "https://registry.npmjs.org/mimic-response/-/mimic-response-4.0.0.tgz",
            "integrity": "sha512-e5ISH9xMYU0DzrT+jl8q2ze9D6eWBto+I8CNpe+VI+K2J/F/k3PdkdTdz4wvGVH4NTpo+NRYTVIuMQEMMcsLqg==",
            "license": "MIT",
            "engines": {
                "node": "^12.20.0 || ^14.13.1 || >=16.0.0"
            },
            "funding": {
                "url": "https://github.com/sponsors/sindresorhus"
            }
        },
        "node_modules/normalize-url": {
            "version": "8.1.1",
            "resolved": "https://registry.npmjs.org/normalize-url/-/normalize-url-8.1.1.tgz",
            "integrity": "sha512-JYc0DPlpGWB40kH5g07gGTrYuMqV653k3uBKY6uITPWds3M0ov3GaWGp9lbE3Bzngx8+XkfzgvASb9vk9JDFXQ==",
            "license": "MIT",
            "engines": {
                "node": ">=14.16"
            },
            "funding": {
                "url": "https://github.com/sponsors/sindresorhus"
            }
        },
        "node_modules/poseidon-lite": {
            "version": "0.3.0",
            "resolved": "https://registry.npmjs.org/poseidon-lite/-/poseidon-lite-0.3.0.tgz",
            "integrity": "sha512-ilJj4MIve4uBEG7SrtPqUUNkvpJ/pLVbndxa0WvebcQqeIhe+h72JR4g0EvwchUzm9sOQDlOjiDNmRAgxNZl4A==",
            "license": "MIT"
        },
        "node_modules/quick-lru": {
            "version": "5.1.1",
            "resolved": "https://registry.npmjs.org/quick-lru/-/quick-lru-5.1.1.tgz",
            "integrity": "sha512-WuyALRjWPDGtt/wzJiadO5AXY+8hZ80hVpe6MyivgraREW751X3SbhRvG3eLKOYN+8VEvqLcf3wdnt44Z4S4SA==",
            "license": "MIT",
            "engines": {
                "node": ">=10"
            },
            "funding": {
                "url": "https://github.com/sponsors/sindresorhus"
            }
        },
        "node_modules/resolve-alpn": {
            "version": "1.2.1",
            "resolved": "https://registry.npmjs.org/resolve-alpn/-/resolve-alpn-1.2.1.tgz",
            "integrity": "sha512-0a1F4l73/ZFZOakJnQ3FvkJ2+gSTQWz/r2KE5OdDY0TxPm5h4GkqkWWfM47T7HsbnOtcJVEF4epCVy6u7Q3K+g==",
            "license": "MIT"
        },
        "node_modules/responselike": {
            "version": "4.0.2",
            "resolved": "https://registry.npmjs.org/responselike/-/responselike-4.0.2.tgz",
            "integrity": "sha512-cGk8IbWEAnaCpdAt1BHzJ3Ahz5ewDJa0KseTsE3qIRMJ3C698W8psM7byCeWVpd/Ha7FUYzuRVzXoKoM6nRUbA==",
            "license": "MIT",
            "dependencies": {
                "lowercase-keys": "^3.0.0"
            },
            "engines": {
                "node": ">=20"
            },
            "funding": {
                "url": "https://github.com/sponsors/sindresorhus"
            }
        },
        "node_modules/responselike/node_modules/lowercase-keys": {
            "version": "3.0.0",
            "resolved": "https://registry.npmjs.org/lowercase-keys/-/lowercase-keys-3.0.0.tgz",
            "integrity": "sha512-ozCC6gdQ+glXOQsveKD0YsDy8DSQFjDTz4zyzEHNV5+JP5D62LmfDZ6o1cycFx9ouG940M5dE8C8CTewdj2YWQ==",
            "license": "MIT",
            "engines": {
                "node": "^12.20.0 || ^14.13.1 || >=16.0.0"
            },
            "funding": {
                "url": "https://github.com/sponsors/sindresorhus"
            }
        },
        "node_modules/strict-event-emitter-types": {
            "version": "2.0.0",
            "resolved": "https://registry.npmjs.org/strict-event-emitter-types/-/strict-event-emitter-types-2.0.0.tgz",
            "integrity": "sha512-Nk/brWYpD85WlOgzw5h173aci0Teyv8YdIAEtV+N88nDB0dLlazZyJMIsN6eo1/AR61l+p6CJTG1JIyFaoNEEA==",
            "license": "ISC"
        },
        "node_modules/superstruct": {
            "version": "2.0.2",
            "resolved": "https://registry.npmjs.org/superstruct/-/superstruct-2.0.2.tgz",
            "integrity": "sha512-uV+TFRZdXsqXTL2pRvujROjdZQ4RAlBUS5BTh9IGm+jTqQntYThciG/qu57Gs69yjnVUSqdxF9YLmSnpupBW9A==",
            "license": "MIT",
            "engines": {
                "node": ">=14.0.0"
            }
        },
        "node_modules/tagged-tag": {
            "version": "1.0.0",
            "resolved": "https://registry.npmjs.org/tagged-tag/-/tagged-tag-1.0.0.tgz",
            "integrity": "sha512-yEFYrVhod+hdNyx7g5Bnkkb0G6si8HJurOoOEgC8B/O0uXLHlaey/65KRv6cuWBNhBgHKAROVpc7QyYqE5gFng==",
            "license": "MIT",
            "engines": {
                "node": ">=20"
            },
            "funding": {
                "url": "https://github.com/sponsors/sindresorhus"
            }
        },
        "node_modules/type-fest": {
            "version": "5.8.0",
            "resolved": "https://registry.npmjs.org/type-fest/-/type-fest-5.8.0.tgz",
            "integrity": "sha512-YGYEVz3Fm5iy/AybuA0oyNFq7H4CgQNfRp/qfe8nurE1kuCeNm3/vfm9X4Mtl+qLyaKJUh5xrFZwogr41SMjYA==",
            "license": "(MIT OR CC0-1.0)",
            "dependencies": {
                "tagged-tag": "^1.0.0"
            },
            "engines": {
                "node": ">=20"
            },
            "funding": {
                "url": "https://github.com/sponsors/sindresorhus"
            }
        },
        "node_modules/typescript": {
            "version": "5.9.3",
            "resolved": "https://registry.npmjs.org/typescript/-/typescript-5.9.3.tgz",
            "integrity": "sha512-jl1vZzPDinLr9eUt3J/t7V6FgNEw9QjvBPdysz9KfQDD41fQrC2Y4vKQdiaUpFT4bXlb1RHhLpp8wtm6M5TgSw==",
            "dev": true,
            "license": "Apache-2.0",
            "bin": {
                "tsc": "bin/tsc",
                "tsserver": "bin/tsserver"
            },
            "engines": {
                "node": ">=14.17"
            }
        },
        "node_modules/uint8array-extras": {
            "version": "1.5.0",
            "resolved": "https://registry.npmjs.org/uint8array-extras/-/uint8array-extras-1.5.0.tgz",
            "integrity": "sha512-rvKSBiC5zqCCiDZ9kAOszZcDvdAHwwIKJG33Ykj43OKcWsnmcBRL09YTU4nOeHZ8Y2a7l1MgTd08SBe9A8Qj6A==",
            "license": "MIT",
            "engines": {
                "node": ">=18"
            },
            "funding": {
                "url": "https://github.com/sponsors/sindresorhus"
            }
        },
        "node_modules/undici-types": {
            "version": "8.3.0",
            "resolved": "https://registry.npmjs.org/undici-types/-/undici-types-8.3.0.tgz",
            "integrity": "sha512-j375ScV60dom+YkPFIfTLcOiPxkN/buHz5GobjLhixFuANaNs3C9l4GmrWqejgXWJ7BbJcFYpTEUkS1Ge8bpZQ==",
            "dev": true,
            "license": "MIT"
        },
        "node_modules/ws": {
            "version": "8.18.3",
            "resolved": "https://registry.npmjs.org/ws/-/ws-8.18.3.tgz",
            "integrity": "sha512-PEIGCY5tSlUt50cqyMXfCzX+oOPqN0vuGqWzbcJ2xvnkzkq46oOpz7dQaTDBdfICb4N14+GARUDw2XV2N4tvzg==",
            "license": "MIT",
            "engines": {
                "node": ">=10.0.0"
            },
            "peerDependencies": {
                "bufferutil": "^4.0.1",
                "utf-8-validate": ">=5.0.2"
            },
            "peerDependenciesMeta": {
                "bufferutil": {
                    "optional": true
                },
                "utf-8-validate": {
                    "optional": true
                }
            }
        }
    }
}
