# @generated by Move, please check-in and do not edit manually.

[move]
version = 3
manifest_digest = "38B8C726D9291D67D066477A83DDFA18BB1911294796570E5E387D9F8D14FCE3"
deps_digest = "F8BBB0CCB2491CA29A3DF03D6F92277A4F3574266507ACD77214D37ECA3F3082"
dependencies = [
  { id = "Sui", name = "Sui" },
]

[[move.package]]
id = "MoveStdlib"
source = { git = "https://github.com/MystenLabs/sui.git", rev = "framework/testnet", subdir = "crates/sui-framework/packages/move-stdlib" }

[[move.package]]
id = "Sui"
source = { git = "https://github.com/MystenLabs/sui.git", rev = "framework/testnet", subdir = "crates/sui-framework/packages/sui-framework" }

dependencies = [
  { id = "MoveStdlib", name = "MoveStdlib" },
]

[move.toolchain-version]
compiler-version = "1.39.4"
edition = "2024.beta"
flavor = "sui"

[env]

[env.shinami]
chain-id = "4c78adac"
original-published-id = "0x86841b9e38726ee77e4720861ddb3a4e4518afdcf84a1972b952568ee59ffe70"
latest-published-id = "0x86841b9e38726ee77e4720861ddb3a4e4518afdcf84a1972b952568ee59ffe70"
published-version = "1"
